
Microsoft Visual Studio Solution File, Format Version 12.00
# Visual Studio Version 16
VisualStudioVersion = 16.0.31205.134
MinimumVisualStudioVersion = 10.0.40219.1
Project("{FAE04EC0-301F-11D3-BF4B-00C04F79EFBC}") = "SEDC.CSharpAdv.Homework.Class02.App", "SEDC.CSharpAdv.Homework.Class02.App\SEDC.CSharpAdv.Homework.Class02.App.csproj", "{370AE013-83CF-4AA7-9301-19E4EDBF1AF4}"
EndProject
Project("{FAE04EC0-301F-11D3-BF4B-00C04F79EFBC}") = "SEDC.CSharpAdv.Homework.Class02.Domain", "SEDC.CSharpAdv.Homework.Class02.Domain\SEDC.CSharpAdv.Homework.Class02.Domain.csproj", "{0C7820FB-B522-48BF-9F9E-681CE5C855E8}"
EndProject
Global
	GlobalSection(SolutionConfigurationPlatforms) = preSolution
		Debug|Any CPU = Debug|Any CPU
		Release|Any CPU = Release|Any CPU
	EndGlobalSection
	GlobalSection(ProjectConfigurationPlatforms) = postSolution
		{370AE013-83CF-4AA7-9301-19E4EDBF1AF4}.Debug|Any CPU.ActiveCfg = Debug|Any CPU
		{370AE013-83CF-4AA7-9301-19E4EDBF1AF4}.Debug|Any CPU.Build.0 = Debug|Any CPU
		{370AE013-83CF-4AA7-9301-19E4EDBF1AF4}.Release|Any CPU.ActiveCfg = Release|Any CPU
		{370AE013-83CF-4AA7-9301-19E4EDBF1AF4}.Release|Any CPU.Build.0 = Release|Any CPU
		{0C7820FB-B522-48BF-9F9E-681CE5C855E8}.Debug|Any CPU.ActiveCfg = Debug|Any CPU
		{0C7820FB-B522-48BF-9F9E-681CE5C855E8}.Debug|Any CPU.Build.0 = Debug|Any CPU
		{0C7820FB-B522-48BF-9F9E-681CE5C855E8}.Release|Any CPU.ActiveCfg = Release|Any CPU
		{0C7820FB-B522-48BF-9F9E-681CE5C855E8}.Release|Any CPU.Build.0 = Release|Any CPU
	EndGlobalSection
	GlobalSection(SolutionProperties) = preSolution
		HideSolutionNode = FALSE
	EndGlobalSection
	GlobalSection(ExtensibilityGlobals) = postSolution
		SolutionGuid = {33C27E32-67D7-4EE3-86B4-01B617F790A5}
	EndGlobalSection
EndGlobal
